
Microsoft Visual Studio Solution File, Format Version 12.00
# Visual Studio Version 17
VisualStudioVersion = 17.1.32414.318
MinimumVisualStudioVersion = 10.0.40219.1
Project("{9A19103F-16F7-4668-BE54-9A1E7A4F7556}") = "ForzaTools.Decryptor", "ForzaTools.Decryptor\ForzaTools.Decryptor.csproj", "{FDD22F79-2EF4-4FCB-97FB-C64A244F8C8E}"
EndProject
Project("{9A19103F-16F7-4668-BE54-9A1E7A4F7556}") = "ForzaTools.BinaryXML", "ForzaTools.BinaryXML\ForzaTools.BinaryXML.csproj", "{F6A99AE1-1BBD-429A-B176-8F9EDC31571B}"
EndProject
Project("{9A19103F-16F7-4668-BE54-9A1E7A4F7556}") = "ForzaTools.Utils", "ForzaTools.Utils\ForzaTools.Utils.csproj", "{01B741AB-52E3-4F70-80D8-1CEE4BD7FFD6}"
EndProject
Project("{9A19103F-16F7-4668-BE54-9A1E7A4F7556}") = "ForzaTools.FH4DBLoadPatcher", "ForzaTools.FH4DBLoadPatcher\ForzaTools.FH4DBLoadPatcher.csproj", "{5B4A56AB-9B1F-4B65-9E1F-250AD4ED225E}"
EndProject
Project("{9A19103F-16F7-4668-BE54-9A1E7A4F7556}") = "ForzaTools.PlaygroundMiniZip", "ForzaTools.PlaygroundMiniZip\ForzaTools.PlaygroundMiniZip.csproj", "{E42C21C4-773B-4B46-ABCC-743D37775992}"
EndProject
Project("{9A19103F-16F7-4668-BE54-9A1E7A4F7556}") = "ForzaTools.Bundles", "ForzaTools.Bundles\ForzaTools.Bundles.csproj", "{BA23D248-AED4-4657-AFE2-399E5D868696}"
EndProject
Project("{9A19103F-16F7-4668-BE54-9A1E7A4F7556}") = "ForzaTools.ModelConversionTestTool", "ForzaTools.ModelConversionTestTool\ForzaTools.ModelConversionTestTool.csproj", "{79806163-0941-4218-AD63-71F50819C459}"
EndProject
Project("{9A19103F-16F7-4668-BE54-9A1E7A4F7556}") = "ForzaTools.TexConv", "ForzaTools.TexConv\ForzaTools.TexConv.csproj", "{AA9AA755-6AD7-4BBB-9166-9DEF3658A28E}"
EndProject
Project("{FAE04EC0-301F-11D3-BF4B-00C04F79EFBC}") = "DurangoTypes", "DurangoTypes\DurangoTypes.csproj", "{4761F5BE-DC0D-45DB-8798-36051DD939FD}"
EndProject
Project("{FAE04EC0-301F-11D3-BF4B-00C04F79EFBC}") = "ForzaTools.Shared", "ForzaTools.Shared\ForzaTools.Shared.csproj", "{C36E47D9-4604-46E0-ABD3-0BB34E1EF818}"
EndProject
Project("{FAE04EC0-301F-11D3-BF4B-00C04F79EFBC}") = "Parser", "Parser\Parser.csproj", "{9A76915F-7B3A-48B7-9C0D-08BEAEFB7C27}"
	ProjectSection(ProjectDependencies) = postProject
		{01B741AB-52E3-4F70-80D8-1CEE4BD7FFD6} = {01B741AB-52E3-4F70-80D8-1CEE4BD7FFD6}
		{BA23D248-AED4-4657-AFE2-399E5D868696} = {BA23D248-AED4-4657-AFE2-399E5D868696}
		{C36E47D9-4604-46E0-ABD3-0BB34E1EF818} = {C36E47D9-4604-46E0-ABD3-0BB34E1EF818}
	EndProjectSection
EndProject
Project("{FAE04EC0-301F-11D3-BF4B-00C04F79EFBC}") = "MaterialExtractor", "MaterialExtractor\MaterialExtractor.csproj", "{451D2144-C981-42BD-A5C8-D78A922B0345}"
EndProject
Project("{FAE04EC0-301F-11D3-BF4B-00C04F79EFBC}") = "ForzaTools.ModelBinEditor", "ForzaTools.ModelBinEditor\ForzaTools.ModelBinEditor.csproj", "{48EFF8AC-4D1E-42B5-8836-680CABF19839}"
	ProjectSection(ProjectDependencies) = postProject
		{BA23D248-AED4-4657-AFE2-399E5D868696} = {BA23D248-AED4-4657-AFE2-399E5D868696}
	EndProjectSection
EndProject
Project("{FAE04EC0-301F-11D3-BF4B-00C04F79EFBC}") = "ForzaTools.ForzaAnalyzer", "ForzaTools.ForzaAnalyzer\ForzaTools.ForzaAnalyzer.csproj", "{6663F2B6-482C-4325-A164-6D4CE0157087}"
EndProject
Global
	GlobalSection(SolutionConfigurationPlatforms) = preSolution
		Debug|Any CPU = Debug|Any CPU
		Debug|x86 = Debug|x86
		Release|Any CPU = Release|Any CPU
		Release|x86 = Release|x86
	EndGlobalSection
	GlobalSection(ProjectConfigurationPlatforms) = postSolution
		{FDD22F79-2EF4-4FCB-97FB-C64A244F8C8E}.Debug|Any CPU.ActiveCfg = Debug|Any CPU
		{FDD22F79-2EF4-4FCB-97FB-C64A244F8C8E}.Debug|Any CPU.Build.0 = Debug|Any CPU
		{FDD22F79-2EF4-4FCB-97FB-C64A244F8C8E}.Debug|x86.ActiveCfg = Debug|Any CPU
		{FDD22F79-2EF4-4FCB-97FB-C64A244F8C8E}.Debug|x86.Build.0 = Debug|Any CPU
		{FDD22F79-2EF4-4FCB-97FB-C64A244F8C8E}.Release|Any CPU.ActiveCfg = Release|Any CPU
		{FDD22F79-2EF4-4FCB-97FB-C64A244F8C8E}.Release|Any CPU.Build.0 = Release|Any CPU
		{FDD22F79-2EF4-4FCB-97FB-C64A244F8C8E}.Release|x86.ActiveCfg = Release|Any CPU
		{FDD22F79-2EF4-4FCB-97FB-C64A244F8C8E}.Release|x86.Build.0 = Release|Any CPU
		{F6A99AE1-1BBD-429A-B176-8F9EDC31571B}.Debug|Any CPU.ActiveCfg = Debug|Any CPU
		{F6A99AE1-1BBD-429A-B176-8F9EDC31571B}.Debug|Any CPU.Build.0 = Debug|Any CPU
		{F6A99AE1-1BBD-429A-B176-8F9EDC31571B}.Debug|x86.ActiveCfg = Debug|Any CPU
		{F6A99AE1-1BBD-429A-B176-8F9EDC31571B}.Debug|x86.Build.0 = Debug|Any CPU
		{F6A99AE1-1BBD-429A-B176-8F9EDC31571B}.Release|Any CPU.ActiveCfg = Release|Any CPU
		{F6A99AE1-1BBD-429A-B176-8F9EDC31571B}.Release|Any CPU.Build.0 = Release|Any CPU
		{F6A99AE1-1BBD-429A-B176-8F9EDC31571B}.Release|x86.ActiveCfg = Release|Any CPU
		{F6A99AE1-1BBD-429A-B176-8F9EDC31571B}.Release|x86.Build.0 = Release|Any CPU
		{01B741AB-52E3-4F70-80D8-1CEE4BD7FFD6}.Debug|Any CPU.ActiveCfg = Debug|Any CPU
		{01B741AB-52E3-4F70-80D8-1CEE4BD7FFD6}.Debug|Any CPU.Build.0 = Debug|Any CPU
		{01B741AB-52E3-4F70-80D8-1CEE4BD7FFD6}.Debug|x86.ActiveCfg = Debug|Any CPU
		{01B741AB-52E3-4F70-80D8-1CEE4BD7FFD6}.Debug|x86.Build.0 = Debug|Any CPU
		{01B741AB-52E3-4F70-80D8-1CEE4BD7FFD6}.Release|Any CPU.ActiveCfg = Release|Any CPU
		{01B741AB-52E3-4F70-80D8-1CEE4BD7FFD6}.Release|Any CPU.Build.0 = Release|Any CPU
		{01B741AB-52E3-4F70-80D8-1CEE4BD7FFD6}.Release|x86.ActiveCfg = Release|x86
		{01B741AB-52E3-4F70-80D8-1CEE4BD7FFD6}.Release|x86.Build.0 = Release|x86
		{5B4A56AB-9B1F-4B65-9E1F-250AD4ED225E}.Debug|Any CPU.ActiveCfg = Debug|Any CPU
		{5B4A56AB-9B1F-4B65-9E1F-250AD4ED225E}.Debug|Any CPU.Build.0 = Debug|Any CPU
		{5B4A56AB-9B1F-4B65-9E1F-250AD4ED225E}.Debug|x86.ActiveCfg = Debug|Any CPU
		{5B4A56AB-9B1F-4B65-9E1F-250AD4ED225E}.Debug|x86.Build.0 = Debug|Any CPU
		{5B4A56AB-9B1F-4B65-9E1F-250AD4ED225E}.Release|Any CPU.ActiveCfg = Release|Any CPU
		{5B4A56AB-9B1F-4B65-9E1F-250AD4ED225E}.Release|Any CPU.Build.0 = Release|Any CPU
		{5B4A56AB-9B1F-4B65-9E1F-250AD4ED225E}.Release|x86.ActiveCfg = Release|Any CPU
		{5B4A56AB-9B1F-4B65-9E1F-250AD4ED225E}.Release|x86.Build.0 = Release|Any CPU
		{E42C21C4-773B-4B46-ABCC-743D37775992}.Debug|Any CPU.ActiveCfg = Debug|Any CPU
		{E42C21C4-773B-4B46-ABCC-743D37775992}.Debug|Any CPU.Build.0 = Debug|Any CPU
		{E42C21C4-773B-4B46-ABCC-743D37775992}.Debug|x86.ActiveCfg = Debug|Any CPU
		{E42C21C4-773B-4B46-ABCC-743D37775992}.Debug|x86.Build.0 = Debug|Any CPU
		{E42C21C4-773B-4B46-ABCC-743D37775992}.Release|Any CPU.ActiveCfg = Release|Any CPU
		{E42C21C4-773B-4B46-ABCC-743D37775992}.Release|Any CPU.Build.0 = Release|Any CPU
		{E42C21C4-773B-4B46-ABCC-743D37775992}.Release|x86.ActiveCfg = Release|Any CPU
		{E42C21C4-773B-4B46-ABCC-743D37775992}.Release|x86.Build.0 = Release|Any CPU
		{BA23D248-AED4-4657-AFE2-399E5D868696}.Debug|Any CPU.ActiveCfg = Debug|Any CPU
		{BA23D248-AED4-4657-AFE2-399E5D868696}.Debug|Any CPU.Build.0 = Debug|Any CPU
		{BA23D248-AED4-4657-AFE2-399E5D868696}.Debug|x86.ActiveCfg = Debug|Any CPU
		{BA23D248-AED4-4657-AFE2-399E5D868696}.Debug|x86.Build.0 = Debug|Any CPU
		{BA23D248-AED4-4657-AFE2-399E5D868696}.Release|Any CPU.ActiveCfg = Release|Any CPU
		{BA23D248-AED4-4657-AFE2-399E5D868696}.Release|Any CPU.Build.0 = Release|Any CPU
		{BA23D248-AED4-4657-AFE2-399E5D868696}.Release|x86.ActiveCfg = Release|x86
		{BA23D248-AED4-4657-AFE2-399E5D868696}.Release|x86.Build.0 = Release|x86
		{79806163-0941-4218-AD63-71F50819C459}.Debug|Any CPU.ActiveCfg = Debug|Any CPU
		{79806163-0941-4218-AD63-71F50819C459}.Debug|Any CPU.Build.0 = Debug|Any CPU
		{79806163-0941-4218-AD63-71F50819C459}.Debug|x86.ActiveCfg = Debug|Any CPU
		{79806163-0941-4218-AD63-71F50819C459}.Debug|x86.Build.0 = Debug|Any CPU
		{79806163-0941-4218-AD63-71F50819C459}.Release|Any CPU.ActiveCfg = Release|Any CPU
		{79806163-0941-4218-AD63-71F50819C459}.Release|Any CPU.Build.0 = Release|Any CPU
		{79806163-0941-4218-AD63-71F50819C459}.Release|x86.ActiveCfg = Release|Any CPU
		{79806163-0941-4218-AD63-71F50819C459}.Release|x86.Build.0 = Release|Any CPU
		{AA9AA755-6AD7-4BBB-9166-9DEF3658A28E}.Debug|Any CPU.ActiveCfg = Debug|Any CPU
		{AA9AA755-6AD7-4BBB-9166-9DEF3658A28E}.Debug|Any CPU.Build.0 = Debug|Any CPU
		{AA9AA755-6AD7-4BBB-9166-9DEF3658A28E}.Debug|x86.ActiveCfg = Debug|Any CPU
		{AA9AA755-6AD7-4BBB-9166-9DEF3658A28E}.Debug|x86.Build.0 = Debug|Any CPU
		{AA9AA755-6AD7-4BBB-9166-9DEF3658A28E}.Release|Any CPU.ActiveCfg = Release|Any CPU
		{AA9AA755-6AD7-4BBB-9166-9DEF3658A28E}.Release|Any CPU.Build.0 = Release|Any CPU
		{AA9AA755-6AD7-4BBB-9166-9DEF3658A28E}.Release|x86.ActiveCfg = Release|Any CPU
		{AA9AA755-6AD7-4BBB-9166-9DEF3658A28E}.Release|x86.Build.0 = Release|Any CPU
		{4761F5BE-DC0D-45DB-8798-36051DD939FD}.Debug|Any CPU.ActiveCfg = Debug|Any CPU
		{4761F5BE-DC0D-45DB-8798-36051DD939FD}.Debug|Any CPU.Build.0 = Debug|Any CPU
		{4761F5BE-DC0D-45DB-8798-36051DD939FD}.Debug|x86.ActiveCfg = Debug|Any CPU
		{4761F5BE-DC0D-45DB-8798-36051DD939FD}.Debug|x86.Build.0 = Debug|Any CPU
		{4761F5BE-DC0D-45DB-8798-36051DD939FD}.Release|Any CPU.ActiveCfg = Release|Any CPU
		{4761F5BE-DC0D-45DB-8798-36051DD939FD}.Release|Any CPU.Build.0 = Release|Any CPU
		{4761F5BE-DC0D-45DB-8798-36051DD939FD}.Release|x86.ActiveCfg = Release|x86
		{4761F5BE-DC0D-45DB-8798-36051DD939FD}.Release|x86.Build.0 = Release|x86
		{C36E47D9-4604-46E0-ABD3-0BB34E1EF818}.Debug|Any CPU.ActiveCfg = Debug|Any CPU
		{C36E47D9-4604-46E0-ABD3-0BB34E1EF818}.Debug|Any CPU.Build.0 = Debug|Any CPU
		{C36E47D9-4604-46E0-ABD3-0BB34E1EF818}.Debug|x86.ActiveCfg = Debug|Any CPU
		{C36E47D9-4604-46E0-ABD3-0BB34E1EF818}.Debug|x86.Build.0 = Debug|Any CPU
		{C36E47D9-4604-46E0-ABD3-0BB34E1EF818}.Release|Any CPU.ActiveCfg = Release|Any CPU
		{C36E47D9-4604-46E0-ABD3-0BB34E1EF818}.Release|Any CPU.Build.0 = Release|Any CPU
		{C36E47D9-4604-46E0-ABD3-0BB34E1EF818}.Release|x86.ActiveCfg = Release|x86
		{C36E47D9-4604-46E0-ABD3-0BB34E1EF818}.Release|x86.Build.0 = Release|x86
		{9A76915F-7B3A-48B7-9C0D-08BEAEFB7C27}.Debug|Any CPU.ActiveCfg = Debug|Any CPU
		{9A76915F-7B3A-48B7-9C0D-08BEAEFB7C27}.Debug|Any CPU.Build.0 = Debug|Any CPU
		{9A76915F-7B3A-48B7-9C0D-08BEAEFB7C27}.Debug|x86.ActiveCfg = Debug|Any CPU
		{9A76915F-7B3A-48B7-9C0D-08BEAEFB7C27}.Debug|x86.Build.0 = Debug|Any CPU
		{9A76915F-7B3A-48B7-9C0D-08BEAEFB7C27}.Release|Any CPU.ActiveCfg = Release|Any CPU
		{9A76915F-7B3A-48B7-9C0D-08BEAEFB7C27}.Release|Any CPU.Build.0 = Release|Any CPU
		{9A76915F-7B3A-48B7-9C0D-08BEAEFB7C27}.Release|x86.ActiveCfg = Release|Any CPU
		{9A76915F-7B3A-48B7-9C0D-08BEAEFB7C27}.Release|x86.Build.0 = Release|Any CPU
		{451D2144-C981-42BD-A5C8-D78A922B0345}.Debug|Any CPU.ActiveCfg = Debug|Any CPU
		{451D2144-C981-42BD-A5C8-D78A922B0345}.Debug|Any CPU.Build.0 = Debug|Any CPU
		{451D2144-C981-42BD-A5C8-D78A922B0345}.Debug|x86.ActiveCfg = Debug|Any CPU
		{451D2144-C981-42BD-A5C8-D78A922B0345}.Debug|x86.Build.0 = Debug|Any CPU
		{451D2144-C981-42BD-A5C8-D78A922B0345}.Release|Any CPU.ActiveCfg = Release|Any CPU
		{451D2144-C981-42BD-A5C8-D78A922B0345}.Release|Any CPU.Build.0 = Release|Any CPU
		{451D2144-C981-42BD-A5C8-D78A922B0345}.Release|x86.ActiveCfg = Release|Any CPU
		{451D2144-C981-42BD-A5C8-D78A922B0345}.Release|x86.Build.0 = Release|Any CPU
		{48EFF8AC-4D1E-42B5-8836-680CABF19839}.Debug|Any CPU.ActiveCfg = Debug|Any CPU
		{48EFF8AC-4D1E-42B5-8836-680CABF19839}.Debug|Any CPU.Build.0 = Debug|Any CPU
		{48EFF8AC-4D1E-42B5-8836-680CABF19839}.Debug|x86.ActiveCfg = Debug|Any CPU
		{48EFF8AC-4D1E-42B5-8836-680CABF19839}.Debug|x86.Build.0 = Debug|Any CPU
		{48EFF8AC-4D1E-42B5-8836-680CABF19839}.Release|Any CPU.ActiveCfg = Release|Any CPU
		{48EFF8AC-4D1E-42B5-8836-680CABF19839}.Release|Any CPU.Build.0 = Release|Any CPU
		{48EFF8AC-4D1E-42B5-8836-680CABF19839}.Release|x86.ActiveCfg = Release|Any CPU
		{48EFF8AC-4D1E-42B5-8836-680CABF19839}.Release|x86.Build.0 = Release|Any CPU
		{6663F2B6-482C-4325-A164-6D4CE0157087}.Debug|Any CPU.ActiveCfg = Debug|x64
		{6663F2B6-482C-4325-A164-6D4CE0157087}.Debug|Any CPU.Build.0 = Debug|x64
		{6663F2B6-482C-4325-A164-6D4CE0157087}.Debug|Any CPU.Deploy.0 = Debug|x64
		{6663F2B6-482C-4325-A164-6D4CE0157087}.Debug|x86.ActiveCfg = Debug|x64
		{6663F2B6-482C-4325-A164-6D4CE0157087}.Debug|x86.Build.0 = Debug|x64
		{6663F2B6-482C-4325-A164-6D4CE0157087}.Debug|x86.Deploy.0 = Debug|x64
		{6663F2B6-482C-4325-A164-6D4CE0157087}.Release|Any CPU.ActiveCfg = Release|x86
		{6663F2B6-482C-4325-A164-6D4CE0157087}.Release|Any CPU.Build.0 = Release|x86
		{6663F2B6-482C-4325-A164-6D4CE0157087}.Release|Any CPU.Deploy.0 = Release|x86
		{6663F2B6-482C-4325-A164-6D4CE0157087}.Release|x86.ActiveCfg = Release|x86
		{6663F2B6-482C-4325-A164-6D4CE0157087}.Release|x86.Build.0 = Release|x86
		{6663F2B6-482C-4325-A164-6D4CE0157087}.Release|x86.Deploy.0 = Release|x86
	EndGlobalSection
	GlobalSection(SolutionProperties) = preSolution
		HideSolutionNode = FALSE
	EndGlobalSection
	GlobalSection(ExtensibilityGlobals) = postSolution
		SolutionGuid = {8D2C3371-9293-462C-B418-8812E0BB476D}
	EndGlobalSection
EndGlobal
